
Microsoft Visual Studio Solution File, Format Version 12.00
Project("{FAE04EC0-301F-11D3-BF4B-00C04F79EFBC}") = "EventSourcing.Shared", "EventSourcing.Shared\EventSourcing.Shared.csproj", "{2F8C0671-EA21-4769-9A84-3AEE9AF40D20}"
EndProject
Project("{FAE04EC0-301F-11D3-BF4B-00C04F79EFBC}") = "EventSourcing.Api", "EventSourcing.Api\EventSourcing.Api.csproj", "{5474BCCB-AC11-4630-A8FA-81B4BD43F78D}"
EndProject
Global
	GlobalSection(SolutionConfigurationPlatforms) = preSolution
		Debug|Any CPU = Debug|Any CPU
		Release|Any CPU = Release|Any CPU
	EndGlobalSection
	GlobalSection(ProjectConfigurationPlatforms) = postSolution
		{2F8C0671-EA21-4769-9A84-3AEE9AF40D20}.Debug|Any CPU.ActiveCfg = Debug|Any CPU
		{2F8C0671-EA21-4769-9A84-3AEE9AF40D20}.Debug|Any CPU.Build.0 = Debug|Any CPU
		{2F8C0671-EA21-4769-9A84-3AEE9AF40D20}.Release|Any CPU.ActiveCfg = Release|Any CPU
		{2F8C0671-EA21-4769-9A84-3AEE9AF40D20}.Release|Any CPU.Build.0 = Release|Any CPU
		{5474BCCB-AC11-4630-A8FA-81B4BD43F78D}.Debug|Any CPU.ActiveCfg = Debug|Any CPU
		{5474BCCB-AC11-4630-A8FA-81B4BD43F78D}.Debug|Any CPU.Build.0 = Debug|Any CPU
		{5474BCCB-AC11-4630-A8FA-81B4BD43F78D}.Release|Any CPU.ActiveCfg = Release|Any CPU
		{5474BCCB-AC11-4630-A8FA-81B4BD43F78D}.Release|Any CPU.Build.0 = Release|Any CPU
	EndGlobalSection
EndGlobal
